// !$*UTF8*$!
{
	archiveVersion = 1;
	classes = {
	};
	objectVersion = 46;
	objects = {

/* Begin PBXBuildFile section */
		65A5D17F1E2843F4000E687E /* AppDelegate.swift in Sources */ = {isa = PBXBuildFile; fileRef = 65A5D17E1E2843F4000E687E /* AppDelegate.swift */; };
		65A5D1811E2843F4000E687E /* ViewController.swift in Sources */ = {isa = PBXBuildFile; fileRef = 65A5D1801E2843F4000E687E /* ViewController.swift */; };
		65A5D1841E2843F4000E687E /* Main.storyboard in Resources */ = {isa = PBXBuildFile; fileRef = 65A5D1821E2843F4000E687E /* Main.storyboard */; };
		65A5D1871E2843F4000E687E /* Test.xcdatamodeld in Sources */ = {isa = PBXBuildFile; fileRef = 65A5D1851E2843F4000E687E /* Test.xcdatamodeld */; };
		65A5D1891E2843F4000E687E /* Assets.xcassets in Resources */ = {isa = PBXBuildFile; fileRef = 65A5D1881E2843F4000E687E /* Assets.xcassets */; };
		65A5D18C1E2843F4000E687E /* LaunchScreen.storyboard in Resources */ = {isa = PBXBuildFile; fileRef = 65A5D18A1E2843F4000E687E /* LaunchScreen.storyboard */; };
		65A5D1971E2843F4000E687E /* TestTests.swift in Sources */ = {isa = PBXBuildFile; fileRef = 65A5D1961E2843F4000E687E /* TestTests.swift */; };
		65A5D1A21E2843F4000E687E /* TestUITests.swift in Sources */ = {isa = PBXBuildFile; fileRef = 65A5D1A11E2843F4000E687E /* TestUITests.swift */; };
/* End PBXBuildFile section */

/* Begin PBXContainerItemProxy section */
		65A5D1931E2843F4000E687E /* PBXContainerItemProxy */ = {
			isa = PBXContainerItemProxy;
			containerPortal = 65A5D1731E2843F4000E687E /* Project object */;
			proxyType = 1;
			remoteGlobalIDString = 65A5D17A1E2843F4000E687E;
			remoteInfo = Test;
		};
		65A5D19E1E2843F4000E687E /* PBXContainerItemProxy */ = {
			isa = PBXContainerItemProxy;
			containerPortal = 65A5D1731E2843F4000E687E /* Project object */;
			proxyType = 1;
			remoteGlobalIDString = 65A5D17A1E2843F4000E687E;
			remoteInfo = Test;
		};
/* End PBXContainerItemProxy section */

/* Begin PBXFileReference section */
		65A5D17B1E2843F4000E687E /* Test.app */ = {isa = PBXFileReference; explicitFileType = wrapper.application; includeInIndex = 0; path = Test.app; sourceTree = BUILT_PRODUCTS_DIR; };
		65A5D17E1E2843F4000E687E /* AppDelegate.swift */ = {isa = PBXFileReference; lastKnownFileType = sourcecode.swift; path = AppDelegate.swift; sourceTree = "<group>"; };
		65A5D1801E2843F4000E687E /* ViewController.swift */ = {isa = PBXFileReference; lastKnownFileType = sourcecode.swift; path = ViewController.swift; sourceTree = "<group>"; };
		65A5D1831E2843F4000E687E /* Base */ = {isa = PBXFileReference; lastKnownFileType = file.storyboard; name = Base; path = Base.lproj/Main.storyboard; sourceTree = "<group>"; };
		65A5D1861E2843F4000E687E /* Test.xcdatamodel */ = {isa = PBXFileReference; lastKnownFileType = wrapper.xcdatamodel; path = Test.xcdatamodel; sourceTree = "<group>"; };
		65A5D1881E2843F4000E687E /* Assets.xcassets */ = {isa = PBXFileReference; lastKnownFileType = folder.assetcatalog; path = Assets.xcassets; sourceTree = "<group>"; };
		65A5D18B1E2843F4000E687E /* Base */ = {isa = PBXFileReference; lastKnownFileType = file.storyboard; name = Base; path = Base.lproj/LaunchScreen.storyboard; sourceTree = "<group>"; };
		65A5D18D1E2843F4000E687E /* Info.plist */ = {isa = PBXFileReference; lastKnownFileType = text.plist.xml; path = Info.plist; sourceTree = "<group>"; };
		65A5D1921E2843F4000E687E /* TestTests.xctest */ = {isa = PBXFileReference; explicitFileType = wrapper.cfbundle; includeInIndex = 0; path = TestTests.xctest; sourceTree = BUILT_PRODUCTS_DIR; };
		65A5D1961E2843F4000E687E /* TestTests.swift */ = {isa = PBXFileReference; lastKnownFileType = sourcecode.swift; path = TestTests.swift; sourceTree = "<group>"; };
		65A5D1981E2843F4000E687E /* Info.plist */ = {isa = PBXFileReference; lastKnownFileType = text.plist.xml; path = Info.plist; sourceTree = "<group>"; };
		65A5D19D1E2843F4000E687E /* TestUITests.xctest */ = {isa = PBXFileReference; explicitFileType = wrapper.cfbundle; includeInIndex = 0; path = TestUITests.xctest; sourceTree = BUILT_PRODUCTS_DIR; };
		65A5D1A11E2843F4000E687E /* TestUITests.swift */ = {isa = PBXFileReference; lastKnownFileType = sourcecode.swift; path = TestUITests.swift; sourceTree = "<group>"; };
		65A5D1A31E2843F4000E687E /* Info.plist */ = {isa = PBXFileReference; lastKnownFileType = text.plist.xml; path = Info.plist; sourceTree = "<group>"; };
/* End PBXFileReference section */

/* Begin PBXFrameworksBuildPhase section */
		65A5D1781E2843F4000E687E /* Frameworks */ = {
			isa = PBXFrameworksBuildPhase;
			buildActionMask = 2147483647;
			files = (
			);
			runOnlyForDeploymentPostprocessing = 0;
		};
		65A5D18F1E2843F4000E687E /* Frameworks */ = {
			isa = PBXFrameworksBuildPhase;
			buildActionMask = 2147483647;
			files = (
			);
			runOnlyForDeploymentPostprocessing = 0;
		};
		65A5D19A1E2843F4000E687E /* Frameworks */ = {
			isa = PBXFrameworksBuildPhase;
			buildActionMask = 2147483647;
			files = (
			);
			runOnlyForDeploymentPostprocessing = 0;
		};
/* End PBXFrameworksBuildPhase section */

/* Begin PBXGroup section */
		65A5D1721E2843F4000E687E = {
			isa = PBXGroup;
			children = (
				65A5D17D1E2843F4000E687E /* Test */,
				65A5D1951E2843F4000E687E /* TestTests */,
				65A5D1A01E2843F4000E687E /* TestUITests */,
				65A5D17C1E2843F4000E687E /* Products */,
			);
			sourceTree = "<group>";
		};
		65A5D17C1E2843F4000E687E /* Products */ = {
			isa = PBXGroup;
			children = (
				65A5D17B1E2843F4000E687E /* Test.app */,
				65A5D1921E2843F4000E687E /* TestTests.xctest */,
				65A5D19D1E2843F4000E687E /* TestUITests.xctest */,
			);
			name = Products;
			sourceTree = "<group>";
		};
		65A5D17D1E2843F4000E687E /* Test */ = {
			isa = PBXGroup;
			children = (
				65A5D17E1E2843F4000E687E /* AppDelegate.swift */,
				65A5D1801E2843F4000E687E /* ViewController.swift */,
				65A5D1821E2843F4000E687E /* Main.storyboard */,
				65A5D1881E2843F4000E687E /* Assets.xcassets */,
				65A5D18A1E2843F4000E687E /* LaunchScreen.storyboard */,
				65A5D18D1E2843F4000E687E /* Info.plist */,
				65A5D1851E2843F4000E687E /* Test.xcdatamodeld */,
			);
			path = Test;
			sourceTree = "<group>";
		};
		65A5D1951E2843F4000E687E /* TestTests */ = {
			isa = PBXGroup;
			children = (
				65A5D1961E2843F4000E687E /* TestTests.swift */,
				65A5D1981E2843F4000E687E /* Info.plist */,
			);
			path = TestTests;
			sourceTree = "<group>";
		};
		65A5D1A01E2843F4000E687E /* TestUITests */ = {
			isa = PBXGroup;
			children = (
				65A5D1A11E2843F4000E687E /* TestUITests.swift */,
				65A5D1A31E2843F4000E687E /* Info.plist */,
			);
			path = TestUITests;
			sourceTree = "<group>";
		};
/* End PBXGroup section */

/* Begin PBXNativeTarget section */
		65A5D17A1E2843F4000E687E /* Test */ = {
			isa = PBXNativeTarget;
			buildConfigurationList = 65A5D1A61E2843F4000E687E /* Build configuration list for PBXNativeTarget "Test" */;
			buildPhases = (
				65A5D1771E2843F4000E687E /* Sources */,
				65A5D1781E2843F4000E687E /* Frameworks */,
				65A5D1791E2843F4000E687E /* Resources */,
			);
			buildRules = (
			);
			dependencies = (
			);
			name = Test;
			productName = Test;
			productReference = 65A5D17B1E2843F4000E687E /* Test.app */;
			productType = "com.apple.product-type.application";
		};
		65A5D1911E2843F4000E687E /* TestTests */ = {
			isa = PBXNativeTarget;
			buildConfigurationList = 65A5D1A91E2843F4000E687E /* Build configuration list for PBXNativeTarget "TestTests" */;
			buildPhases = (
				65A5D18E1E2843F4000E687E /* Sources */,
				65A5D18F1E2843F4000E687E /* Frameworks */,
				65A5D1901E2843F4000E687E /* Resources */,
			);
			buildRules = (
			);
			dependencies = (
				65A5D1941E2843F4000E687E /* PBXTargetDependency */,
			);
			name = TestTests;
			productName = TestTests;
			productReference = 65A5D1921E2843F4000E687E /* TestTests.xctest */;
			productType = "com.apple.product-type.bundle.unit-test";
		};
		65A5D19C1E2843F4000E687E /* TestUITests */ = {
			isa = PBXNativeTarget;
			buildConfigurationList = 65A5D1AC1E2843F4000E687E /* Build configuration list for PBXNativeTarget "TestUITests" */;
			buildPhases = (
				65A5D1991E2843F4000E687E /* Sources */,
				65A5D19A1E2843F4000E687E /* Frameworks */,
				65A5D19B1E2843F4000E687E /* Resources */,
			);
			buildRules = (
			);
			dependencies = (
				65A5D19F1E2843F4000E687E /* PBXTargetDependency */,
			);
			name = TestUITests;
			productName = TestUITests;
			productReference = 65A5D19D1E2843F4000E687E /* TestUITests.xctest */;
			productType = "com.apple.product-type.bundle.ui-testing";
		};
/* End PBXNativeTarget section */

/* Begin PBXProject section */
		65A5D1731E2843F4000E687E /* Project object */ = {
			isa = PBXProject;
			attributes = {
				LastSwiftUpdateCheck = 0820;
				LastUpgradeCheck = 0820;
				ORGANIZATIONNAME = "Lin Wei";
				TargetAttributes = {
					65A5D17A1E2843F4000E687E = {
						CreatedOnToolsVersion = 8.2.1;
						DevelopmentTeam = 775J78N5FZ;
						ProvisioningStyle = Automatic;
					};
					65A5D1911E2843F4000E687E = {
						CreatedOnToolsVersion = 8.2.1;
						DevelopmentTeam = 775J78N5FZ;
						ProvisioningStyle = Automatic;
						TestTargetID = 65A5D17A1E2843F4000E687E;
					};
					65A5D19C1E2843F4000E687E = {
						CreatedOnToolsVersion = 8.2.1;
						DevelopmentTeam = 775J78N5FZ;
						ProvisioningStyle = Automatic;
						TestTargetID = 65A5D17A1E2843F4000E687E;
					};
				};
			};
			buildConfigurationList = 65A5D1761E2843F4000E687E /* Build configuration list for PBXProject "Test" */;
			compatibilityVersion = "Xcode 3.2";
			developmentRegion = English;
			hasScannedForEncodings = 0;
			knownRegions = (
				en,
				Base,
			);
			mainGroup = 65A5D1721E2843F4000E687E;
			productRefGroup = 65A5D17C1E2843F4000E687E /* Products */;
			projectDirPath = "";
			projectRoot = "";
			targets = (
				65A5D17A1E2843F4000E687E /* Test */,
				65A5D1911E2843F4000E687E /* TestTests */,
				65A5D19C1E2843F4000E687E /* TestUITests */,
			);
		};
/* End PBXProject section */

/* Begin PBXResourcesBuildPhase section */
		65A5D1791E2843F4000E687E /* Resources */ = {
			isa = PBXResourcesBuildPhase;
			buildActionMask = 2147483647;
			files = (
				65A5D18C1E2843F4000E687E /* LaunchScreen.storyboard in Resources */,
				65A5D1891E2843F4000E687E /* Assets.xcassets in Resources */,
				65A5D1841E2843F4000E687E /* Main.storyboard in Resources */,
			);
			runOnlyForDeploymentPostprocessing = 0;
		};
		65A5D1901E2843F4000E687E /* Resources */ = {
			isa = PBXResourcesBuildPhase;
			buildActionMask = 2147483647;
			files = (
			);
			runOnlyForDeploymentPostprocessing = 0;
		};
		65A5D19B1E2843F4000E687E /* Resources */ = {
			isa = PBXResourcesBuildPhase;
			buildActionMask = 2147483647;
			files = (
			);
			runOnlyForDeploymentPostprocessing = 0;
		};
/* End PBXResourcesBuildPhase section */

/* Begin PBXSourcesBuildPhase section */
		65A5D1771E2843F4000E687E /* Sources */ = {
			isa = PBXSourcesBuildPhase;
			buildActionMask = 2147483647;
			files = (
				65A5D1811E2843F4000E687E /* ViewController.swift in Sources */,
				65A5D17F1E2843F4000E687E /* AppDelegate.swift in Sources */,
				65A5D1871E2843F4000E687E /* Test.xcdatamodeld in Sources */,
			);
			runOnlyForDeploymentPostprocessing = 0;
		};
		65A5D18E1E2843F4000E687E /* Sources */ = {
			isa = PBXSourcesBuildPhase;
			buildActionMask = 2147483647;
			files = (
				65A5D1971E2843F4000E687E /* TestTests.swift in Sources */,
			);
			runOnlyForDeploymentPostprocessing = 0;
		};
		65A5D1991E2843F4000E687E /* Sources */ = {
			isa = PBXSourcesBuildPhase;
			buildActionMask = 2147483647;
			files = (
				65A5D1A21E2843F4000E687E /* TestUITests.swift in Sources */,
			);
			runOnlyForDeploymentPostprocessing = 0;
		};
/* End PBXSourcesBuildPhase section */

/* Begin PBXTargetDependency section */
		65A5D1941E2843F4000E687E /* PBXTargetDependency */ = {
			isa = PBXTargetDependency;
			target = 65A5D17A1E2843F4000E687E /* Test */;
			targetProxy = 65A5D1931E2843F4000E687E /* PBXContainerItemProxy */;
		};
		65A5D19F1E2843F4000E687E /* PBXTargetDependency */ = {
			isa = PBXTargetDependency;
			target = 65A5D17A1E2843F4000E687E /* Test */;
			targetProxy = 65A5D19E1E2843F4000E687E /* PBXContainerItemProxy */;
		};
/* End PBXTargetDependency section */

/* Begin PBXVariantGroup section */
		65A5D1821E2843F4000E687E /* Main.storyboard */ = {
			isa = PBXVariantGroup;
			children = (
				65A5D1831E2843F4000E687E /* Base */,
			);
			name = Main.storyboard;
			sourceTree = "<group>";
		};
		65A5D18A1E2843F4000E687E /* LaunchScreen.storyboard */ = {
			isa = PBXVariantGroup;
			children = (
				65A5D18B1E2843F4000E687E /* Base */,
			);
			name = LaunchScreen.storyboard;
			sourceTree = "<group>";
		};
/* End PBXVariantGroup section */

/* Begin XCBuildConfiguration section */
		65A5D1A41E2843F4000E687E /* Debug */ = {
			isa = XCBuildConfiguration;
			buildSettings = {
				ALWAYS_SEARCH_USER_PATHS = NO;
				CLANG_ANALYZER_NONNULL = YES;
				CLANG_CXX_LANGUAGE_STANDARD = "gnu++0x";
				CLANG_CXX_LIBRARY = "libc++";
				CLANG_ENABLE_MODULES = YES;
				CLANG_ENABLE_OBJC_ARC = YES;
				CLANG_WARN_BOOL_CONVERSION = YES;
				CLANG_WARN_CONSTANT_CONVERSION = YES;
				CLANG_WARN_DIRECT_OBJC_ISA_USAGE = YES_ERROR;
				CLANG_WARN_DOCUMENTATION_COMMENTS = YES;
				CLANG_WARN_EMPTY_BODY = YES;
				CLANG_WARN_ENUM_CONVERSION = YES;
				CLANG_WARN_INFINITE_RECURSION = YES;
				CLANG_WARN_INT_CONVERSION = YES;
				CLANG_WARN_OBJC_ROOT_CLASS = YES_ERROR;
				CLANG_WARN_SUSPICIOUS_MOVE = YES;
				CLANG_WARN_UNREACHABLE_CODE = YES;
				CLANG_WARN__DUPLICATE_METHOD_MATCH = YES;
				"CODE_SIGN_IDENTITY[sdk=iphoneos*]" = "iPhone Developer";
				COPY_PHASE_STRIP = NO;
				DEBUG_INFORMATION_FORMAT = dwarf;
				ENABLE_STRICT_OBJC_MSGSEND = YES;
				ENABLE_TESTABILITY = YES;
				GCC_C_LANGUAGE_STANDARD = gnu99;
				GCC_DYNAMIC_NO_PIC = NO;
				GCC_NO_COMMON_BLOCKS = YES;
				GCC_OPTIMIZATION_LEVEL = 0;
				GCC_PREPROCESSOR_DEFINITIONS = (
					"DEBUG=1",
					"$(inherited)",
				);
				GCC_WARN_64_TO_32_BIT_CONVERSION = YES;
				GCC_WARN_ABOUT_RETURN_TYPE = YES_ERROR;
				GCC_WARN_UNDECLARED_SELECTOR = YES;
				GCC_WARN_UNINITIALIZED_AUTOS = YES_AGGRESSIVE;
				GCC_WARN_UNUSED_FUNCTION = YES;
				GCC_WARN_UNUSED_VARIABLE = YES;
				IPHONEOS_DEPLOYMENT_TARGET = 10.2;
				MTL_ENABLE_DEBUG_INFO = YES;
				ONLY_ACTIVE_ARCH = YES;
				SDKROOT = iphoneos;
				SWIFT_ACTIVE_COMPILATION_CONDITIONS = DEBUG;
				SWIFT_OPTIMIZATION_LEVEL = "-Onone";
				TARGETED_DEVICE_FAMILY = "1,2";
			};
			name = Debug;
		};
		65A5D1A51E2843F4000E687E /* Release */ = {
			isa = XCBuildConfiguration;
			buildSettings = {
				ALWAYS_SEARCH_USER_PATHS = NO;
				CLANG_ANALYZER_NONNULL = YES;
				CLANG_CXX_LANGUAGE_STANDARD = "gnu++0x";
				CLANG_CXX_LIBRARY = "libc++";
				CLANG_ENABLE_MODULES = YES;
				CLANG_ENABLE_OBJC_ARC = YES;
				CLANG_WARN_BOOL_CONVERSION = YES;
				CLANG_WARN_CONSTANT_CONVERSION = YES;
				CLANG_WARN_DIRECT_OBJC_ISA_USAGE = YES_ERROR;
				CLANG_WARN_DOCUMENTATION_COMMENTS = YES;
				CLANG_WARN_EMPTY_BODY = YES;
				CLANG_WARN_ENUM_CONVERSION = YES;
				CLANG_WARN_INFINITE_RECURSION = YES;
				CLANG_WARN_INT_CONVERSION = YES;
				CLANG_WARN_OBJC_ROOT_CLASS = YES_ERROR;
				CLANG_WARN_SUSPICIOUS_MOVE = YES;
				CLANG_WARN_UNREACHABLE_CODE = YES;
				CLANG_WARN__DUPLICATE_METHOD_MATCH = YES;
				"CODE_SIGN_IDENTITY[sdk=iphoneos*]" = "iPhone Developer";
				COPY_PHASE_STRIP = NO;
				DEBUG_INFORMATION_FORMAT = "dwarf-with-dsym";
				ENABLE_NS_ASSERTIONS = NO;
				ENABLE_STRICT_OBJC_MSGSEND = YES;
				GCC_C_LANGUAGE_STANDARD = gnu99;
				GCC_NO_COMMON_BLOCKS = YES;
				GCC_WARN_64_TO_32_BIT_CONVERSION = YES;
				GCC_WARN_ABOUT_RETURN_TYPE = YES_ERROR;
				GCC_WARN_UNDECLARED_SELECTOR = YES;
				GCC_WARN_UNINITIALIZED_AUTOS = YES_AGGRESSIVE;
				GCC_WARN_UNUSED_FUNCTION = YES;
				GCC_WARN_UNUSED_VARIABLE = YES;
				IPHONEOS_DEPLOYMENT_TARGET = 10.2;
				MTL_ENABLE_DEBUG_INFO = NO;
				SDKROOT = iphoneos;
				SWIFT_OPTIMIZATION_LEVEL = "-Owholemodule";
				TARGETED_DEVICE_FAMILY = "1,2";
				VALIDATE_PRODUCT = YES;
			};
			name = Release;
		};
		65A5D1A71E2843F4000E687E /* Debug */ = {
			isa = XCBuildConfiguration;
			buildSettings = {
				ASSETCATALOG_COMPILER_APPICON_NAME = AppIcon;
				DEVELOPMENT_TEAM = 775J78N5FZ;
				INFOPLIST_FILE = Test/Info.plist;
				LD_RUNPATH_SEARCH_PATHS = "$(inherited) @executable_path/Frameworks";
				PRODUCT_BUNDLE_IDENTIFIER = com.LinWei.Test;
				PRODUCT_NAME = "$(TARGET_NAME)";
				SWIFT_VERSION = 3.0;
			};
			name = Debug;
		};
		65A5D1A81E2843F4000E687E /* Release */ = {
			isa = XCBuildConfiguration;
			buildSettings = {
				ASSETCATALOG_COMPILER_APPICON_NAME = AppIcon;
				DEVELOPMENT_TEAM = 775J78N5FZ;
				INFOPLIST_FILE = Test/Info.plist;
				LD_RUNPATH_SEARCH_PATHS = "$(inherited) @executable_path/Frameworks";
				PRODUCT_BUNDLE_IDENTIFIER = com.LinWei.Test;
				PRODUCT_NAME = "$(TARGET_NAME)";
				SWIFT_VERSION = 3.0;
			};
			name = Release;
		};
		65A5D1AA1E2843F4000E687E /* Debug */ = {
			isa = XCBuildConfiguration;
			buildSettings = {
				ALWAYS_EMBED_SWIFT_STANDARD_LIBRARIES = YES;
				BUNDLE_LOADER = "$(TEST_HOST)";
				DEVELOPMENT_TEAM = 775J78N5FZ;
				INFOPLIST_FILE = TestTests/Info.plist;
				LD_RUNPATH_SEARCH_PATHS = "$(inherited) @executable_path/Frameworks @loader_path/Frameworks";
				PRODUCT_BUNDLE_IDENTIFIER = com.LinWei.TestTests;
				PRODUCT_NAME = "$(TARGET_NAME)";
				SWIFT_VERSION = 3.0;
				TEST_HOST = "$(BUILT_PRODUCTS_DIR)/Test.app/Test";
			};
			name = Debug;
		};
		65A5D1AB1E2843F4000E687E /* Release */ = {
			isa = XCBuildConfiguration;
			buildSettings = {
				ALWAYS_EMBED_SWIFT_STANDARD_LIBRARIES = YES;
				BUNDLE_LOADER = "$(TEST_HOST)";
				DEVELOPMENT_TEAM = 775J78N5FZ;
				INFOPLIST_FILE = TestTests/Info.plist;
				LD_RUNPATH_SEARCH_PATHS = "$(inherited) @executable_path/Frameworks @loader_path/Frameworks";
				PRODUCT_BUNDLE_IDENTIFIER = com.LinWei.TestTests;
				PRODUCT_NAME = "$(TARGET_NAME)";
				SWIFT_VERSION = 3.0;
				TEST_HOST = "$(BUILT_PRODUCTS_DIR)/Test.app/Test";
			};
			name = Release;
		};
		65A5D1AD1E2843F4000E687E /* Debug */ = {
			isa = XCBuildConfiguration;
			buildSettings = {
				ALWAYS_EMBED_SWIFT_STANDARD_LIBRARIES = YES;
				DEVELOPMENT_TEAM = 775J78N5FZ;
				INFOPLIST_FILE = TestUITests/Info.plist;
				LD_RUNPATH_SEARCH_PATHS = "$(inherited) @executable_path/Frameworks @loader_path/Frameworks";
				PRODUCT_BUNDLE_IDENTIFIER = com.LinWei.TestUITests;
				PRODUCT_NAME = "$(TARGET_NAME)";
				SWIFT_VERSION = 3.0;
				TEST_TARGET_NAME = Test;
			};
			name = Debug;
		};
		65A5D1AE1E2843F4000E687E /* Release */ = {
			isa = XCBuildConfiguration;
			buildSettings = {
				ALWAYS_EMBED_SWIFT_STANDARD_LIBRARIES = YES;
				DEVELOPMENT_TEAM = 775J78N5FZ;
				INFOPLIST_FILE = TestUITests/Info.plist;
				LD_RUNPATH_SEARCH_PATHS = "$(inherited) @executable_path/Frameworks @loader_path/Frameworks";
				PRODUCT_BUNDLE_IDENTIFIER = com.LinWei.TestUITests;
				PRODUCT_NAME = "$(TARGET_NAME)";
				SWIFT_VERSION = 3.0;
				TEST_TARGET_NAME = Test;
			};
			name = Release;
		};
/* End XCBuildConfiguration section */

/* Begin XCConfigurationList section */
		65A5D1761E2843F4000E687E /* Build configuration list for PBXProject "Test" */ = {
			isa = XCConfigurationList;
			buildConfigurations = (
				65A5D1A41E2843F4000E687E /* Debug */,
				65A5D1A51E2843F4000E687E /* Release */,
			);
			defaultConfigurationIsVisible = 0;
			defaultConfigurationName = Release;
		};
		65A5D1A61E2843F4000E687E /* Build configuration list for PBXNativeTarget "Test" */ = {
			isa = XCConfigurationList;
			buildConfigurations = (
				65A5D1A71E2843F4000E687E /* Debug */,
				65A5D1A81E2843F4000E687E /* Release */,
			);
			defaultConfigurationIsVisible = 0;
		};
		65A5D1A91E2843F4000E687E /* Build configuration list for PBXNativeTarget "TestTests" */ = {
			isa = XCConfigurationList;
			buildConfigurations = (
				65A5D1AA1E2843F4000E687E /* Debug */,
				65A5D1AB1E2843F4000E687E /* Release */,
			);
			defaultConfigurationIsVisible = 0;
		};
		65A5D1AC1E2843F4000E687E /* Build configuration list for PBXNativeTarget "TestUITests" */ = {
			isa = XCConfigurationList;
			buildConfigurations = (
				65A5D1AD1E2843F4000E687E /* Debug */,
				65A5D1AE1E2843F4000E687E /* Release */,
			);
			defaultConfigurationIsVisible = 0;
		};
/* End XCConfigurationList section */

/* Begin XCVersionGroup section */
		65A5D1851E2843F4000E687E /* Test.xcdatamodeld */ = {
			isa = XCVersionGroup;
			children = (
				65A5D1861E2843F4000E687E /* Test.xcdatamodel */,
			);
			currentVersion = 65A5D1861E2843F4000E687E /* Test.xcdatamodel */;
			path = Test.xcdatamodeld;
			sourceTree = "<group>";
			versionGroupType = wrapper.xcdatamodel;
		};
/* End XCVersionGroup section */
	};
	rootObject = 65A5D1731E2843F4000E687E /* Project object */;
}
